
Microsoft Visual Studio Solution File, Format Version 12.00
Project("{FAE04EC0-301F-11D3-BF4B-00C04F79EFBC}") = "Common", "Common\Common.csproj", "{DFDD5743-31C5-4319-B3F1-37D9E9B0A332}"
EndProject
Project("{FAE04EC0-301F-11D3-BF4B-00C04F79EFBC}") = "Runner", "Runner\Runner.csproj", "{638DC236-E262-4FC0-A29A-224D7CC0B1F1}"
EndProject
Project("{FAE04EC0-301F-11D3-BF4B-00C04F79EFBC}") = "2023", "2023\2023.csproj", "{8A592867-6E75-4462-8860-B2AAC99E7201}"
EndProject
Project("{FAE04EC0-301F-11D3-BF4B-00C04F79EFBC}") = "2015", "2015\2015.csproj", "{87180F71-E229-4670-80E2-67C6EF4CD3FA}"
EndProject
Global
	GlobalSection(SolutionConfigurationPlatforms) = preSolution
		Debug|Any CPU = Debug|Any CPU
		Release|Any CPU = Release|Any CPU
	EndGlobalSection
	GlobalSection(NestedProjects) = preSolution
	EndGlobalSection
	GlobalSection(ProjectConfigurationPlatforms) = postSolution
		{DFDD5743-31C5-4319-B3F1-37D9E9B0A332}.Debug|Any CPU.ActiveCfg = Debug|Any CPU
		{DFDD5743-31C5-4319-B3F1-37D9E9B0A332}.Debug|Any CPU.Build.0 = Debug|Any CPU
		{DFDD5743-31C5-4319-B3F1-37D9E9B0A332}.Release|Any CPU.ActiveCfg = Release|Any CPU
		{DFDD5743-31C5-4319-B3F1-37D9E9B0A332}.Release|Any CPU.Build.0 = Release|Any CPU
		{638DC236-E262-4FC0-A29A-224D7CC0B1F1}.Debug|Any CPU.ActiveCfg = Debug|Any CPU
		{638DC236-E262-4FC0-A29A-224D7CC0B1F1}.Debug|Any CPU.Build.0 = Debug|Any CPU
		{638DC236-E262-4FC0-A29A-224D7CC0B1F1}.Release|Any CPU.ActiveCfg = Release|Any CPU
		{638DC236-E262-4FC0-A29A-224D7CC0B1F1}.Release|Any CPU.Build.0 = Release|Any CPU
		{8A592867-6E75-4462-8860-B2AAC99E7201}.Debug|Any CPU.ActiveCfg = Debug|Any CPU
		{8A592867-6E75-4462-8860-B2AAC99E7201}.Debug|Any CPU.Build.0 = Debug|Any CPU
		{8A592867-6E75-4462-8860-B2AAC99E7201}.Release|Any CPU.ActiveCfg = Release|Any CPU
		{8A592867-6E75-4462-8860-B2AAC99E7201}.Release|Any CPU.Build.0 = Release|Any CPU
		{87180F71-E229-4670-80E2-67C6EF4CD3FA}.Debug|Any CPU.ActiveCfg = Debug|Any CPU
		{87180F71-E229-4670-80E2-67C6EF4CD3FA}.Debug|Any CPU.Build.0 = Debug|Any CPU
		{87180F71-E229-4670-80E2-67C6EF4CD3FA}.Release|Any CPU.ActiveCfg = Release|Any CPU
		{87180F71-E229-4670-80E2-67C6EF4CD3FA}.Release|Any CPU.Build.0 = Release|Any CPU
	EndGlobalSection
EndGlobal
